{
  "nodes": {
    "darwin": {
      "inputs": {
        "nixpkgs": [
          "nixpkgs"
        ]
      },
      "locked": {
        "lastModified": 1694497842,
        "narHash": "sha256-z03v/m0OwcLBok97KcUgMl8ZFw5Xwsi2z+n6nL7JdXY=",
        "owner": "lnl7",
        "repo": "nix-darwin",
        "rev": "4496ab26628c5f43d2a5c577a06683c753e32fe2",
        "type": "github"
      },
      "original": {
        "owner": "lnl7",
        "repo": "nix-darwin",
        "type": "github"
      }
    },
    "home-manager": {
      "inputs": {
        "nixpkgs": [
          "nixpkgs"
        ]
      },
      "locked": {
        "lastModified": 1694465129,
        "narHash": "sha256-8BQiuobMrCfCbGM7w6Snx+OBYdtTIm0+cGVaKwQ5BFg=",
        "owner": "nix-community",
        "repo": "home-manager",
        "rev": "9787dffff5d315c9593d3f9fb0f9bf2097e1b57b",
        "type": "github"
      },
      "original": {
        "owner": "nix-community",
        "ref": "release-23.05",
        "repo": "home-manager",
        "type": "github"
      }
    },
    "nixpkgs": {
      "locked": {
        "lastModified": 1694504733,
        "narHash": "sha256-vuDSEGeuydxVIM7PVVbxZTNXZzt90JBeRO7FliQEXyU=",
        "owner": "NixOS",
        "repo": "nixpkgs",
        "rev": "813e00074293f74e12800982b9025c5cdf25f08b",
        "type": "github"
      },
      "original": {
        "owner": "NixOS",
        "repo": "nixpkgs",
        "type": "github"
      }
    },
    "root": {
      "inputs": {
        "darwin": "darwin",
        "home-manager": "home-manager",
        "nixpkgs": "nixpkgs"
      }
    }
  },
  "root": "root",
  "version": 7
}
